// !$*UTF8*$!
{
	archiveVersion = 1;
	classes = {
	};
	objectVersion = 77;
	objects = {

/* Begin PBXBuildFile section */
		5E3EDF8B2CEE04FF0003820A /* Moya in Frameworks */ = {isa = PBXBuildFile; productRef = 5E3EDF8A2CEE04FF0003820A /* Moya */; };
		5E705B492CEDFE620057F3AB /* Alamofire in Frameworks */ = {isa = PBXBuildFile; productRef = 5E705B482CEDFE620057F3AB /* Alamofire */; };
		5E705B4C2CEDFE720057F3AB /* Kingfisher in Frameworks */ = {isa = PBXBuildFile; productRef = 5E705B4B2CEDFE720057F3AB /* Kingfisher */; };
		5E705B4F2CEDFE8C0057F3AB /* RxMoya in Frameworks */ = {isa = PBXBuildFile; productRef = 5E705B4E2CEDFE8C0057F3AB /* RxMoya */; };
		5E705B522CEDFE9E0057F3AB /* RxCocoa in Frameworks */ = {isa = PBXBuildFile; productRef = 5E705B512CEDFE9E0057F3AB /* RxCocoa */; };
		5E705B552CEDFEB20057F3AB /* SnapKit in Frameworks */ = {isa = PBXBuildFile; productRef = 5E705B542CEDFEB20057F3AB /* SnapKit */; };
		A007026055C5C15D7A3E3792 /* Pods_Pricedive.framework in Frameworks */ = {isa = PBXBuildFile; fileRef = E765DB6B708281A0F43A029D /* Pods_Pricedive.framework */; };
/* End PBXBuildFile section */

/* Begin PBXFileReference section */
		5E705B2F2CEDFE260057F3AB /* Pricedive.app */ = {isa = PBXFileReference; explicitFileType = wrapper.application; includeInIndex = 0; path = Pricedive.app; sourceTree = BUILT_PRODUCTS_DIR; };
		7816B31C1B818838F1A38744 /* Pods-Pricedive.debug.xcconfig */ = {isa = PBXFileReference; includeInIndex = 1; lastKnownFileType = text.xcconfig; name = "Pods-Pricedive.debug.xcconfig"; path = "Target Support Files/Pods-Pricedive/Pods-Pricedive.debug.xcconfig"; sourceTree = "<group>"; };
		E765DB6B708281A0F43A029D /* Pods_Pricedive.framework */ = {isa = PBXFileReference; explicitFileType = wrapper.framework; includeInIndex = 0; path = Pods_Pricedive.framework; sourceTree = BUILT_PRODUCTS_DIR; };
		F012300492EA23CA48F7C1F5 /* Pods-Pricedive.release.xcconfig */ = {isa = PBXFileReference; includeInIndex = 1; lastKnownFileType = text.xcconfig; name = "Pods-Pricedive.release.xcconfig"; path = "Target Support Files/Pods-Pricedive/Pods-Pricedive.release.xcconfig"; sourceTree = "<group>"; };
/* End PBXFileReference section */

/* Begin PBXFileSystemSynchronizedBuildFileExceptionSet section */
		5E705B412CEDFE280057F3AB /* Exceptions for "Pricedive" folder in "Pricedive" target */ = {
			isa = PBXFileSystemSynchronizedBuildFileExceptionSet;
			membershipExceptions = (
				Info.plist,
			);
			target = 5E705B2E2CEDFE260057F3AB /* Pricedive */;
		};
/* End PBXFileSystemSynchronizedBuildFileExceptionSet section */

/* Begin PBXFileSystemSynchronizedRootGroup section */
		5E705B312CEDFE260057F3AB /* Pricedive */ = {
			isa = PBXFileSystemSynchronizedRootGroup;
			exceptions = (
				5E705B412CEDFE280057F3AB /* Exceptions for "Pricedive" folder in "Pricedive" target */,
			);
			path = Pricedive;
			sourceTree = "<group>";
		};
/* End PBXFileSystemSynchronizedRootGroup section */

/* Begin PBXFrameworksBuildPhase section */
		5E705B2C2CEDFE260057F3AB /* Frameworks */ = {
			isa = PBXFrameworksBuildPhase;
			buildActionMask = 2147483647;
			files = (
				5E705B4F2CEDFE8C0057F3AB /* RxMoya in Frameworks */,
				5E705B4C2CEDFE720057F3AB /* Kingfisher in Frameworks */,
				5E705B522CEDFE9E0057F3AB /* RxCocoa in Frameworks */,
				5E705B492CEDFE620057F3AB /* Alamofire in Frameworks */,
				5E3EDF8B2CEE04FF0003820A /* Moya in Frameworks */,
				5E705B552CEDFEB20057F3AB /* SnapKit in Frameworks */,
				A007026055C5C15D7A3E3792 /* Pods_Pricedive.framework in Frameworks */,
			);
			runOnlyForDeploymentPostprocessing = 0;
		};
/* End PBXFrameworksBuildPhase section */

/* Begin PBXGroup section */
		25AA155C42B5DE6DF07BAD4A /* Pods */ = {
			isa = PBXGroup;
			children = (
				7816B31C1B818838F1A38744 /* Pods-Pricedive.debug.xcconfig */,
				F012300492EA23CA48F7C1F5 /* Pods-Pricedive.release.xcconfig */,
			);
			path = Pods;
			sourceTree = "<group>";
		};
		5E705B262CEDFE260057F3AB = {
			isa = PBXGroup;
			children = (
				5E705B312CEDFE260057F3AB /* Pricedive */,
				5E705B302CEDFE260057F3AB /* Products */,
				25AA155C42B5DE6DF07BAD4A /* Pods */,
				74538D62FA4AA29ADB80CA43 /* Frameworks */,
			);
			sourceTree = "<group>";
		};
		5E705B302CEDFE260057F3AB /* Products */ = {
			isa = PBXGroup;
			children = (
				5E705B2F2CEDFE260057F3AB /* Pricedive.app */,
			);
			name = Products;
			sourceTree = "<group>";
		};
		74538D62FA4AA29ADB80CA43 /* Frameworks */ = {
			isa = PBXGroup;
			children = (
				E765DB6B708281A0F43A029D /* Pods_Pricedive.framework */,
			);
			name = Frameworks;
			sourceTree = "<group>";
		};
/* End PBXGroup section */

/* Begin PBXNativeTarget section */
		5E705B2E2CEDFE260057F3AB /* Pricedive */ = {
			isa = PBXNativeTarget;
			buildConfigurationList = 5E705B422CEDFE280057F3AB /* Build configuration list for PBXNativeTarget "Pricedive" */;
			buildPhases = (
				8C06E26F9BEA6FEBE74D37C1 /* [CP] Check Pods Manifest.lock */,
				5E705B2B2CEDFE260057F3AB /* Sources */,
				5E705B2C2CEDFE260057F3AB /* Frameworks */,
				5E705B2D2CEDFE260057F3AB /* Resources */,
				DCE3A2A4FE6582B1C8697E4F /* [CP] Embed Pods Frameworks */,
			);
			buildRules = (
			);
			dependencies = (
			);
			fileSystemSynchronizedGroups = (
				5E705B312CEDFE260057F3AB /* Pricedive */,
			);
			name = Pricedive;
			packageProductDependencies = (
				5E705B482CEDFE620057F3AB /* Alamofire */,
				5E705B4B2CEDFE720057F3AB /* Kingfisher */,
				5E705B4E2CEDFE8C0057F3AB /* RxMoya */,
				5E705B512CEDFE9E0057F3AB /* RxCocoa */,
				5E705B542CEDFEB20057F3AB /* SnapKit */,
				5E3EDF8A2CEE04FF0003820A /* Moya */,
			);
			productName = Pricedive;
			productReference = 5E705B2F2CEDFE260057F3AB /* Pricedive.app */;
			productType = "com.apple.product-type.application";
		};
/* End PBXNativeTarget section */

/* Begin PBXProject section */
		5E705B272CEDFE260057F3AB /* Project object */ = {
			isa = PBXProject;
			attributes = {
				BuildIndependentTargetsInParallel = 1;
				LastSwiftUpdateCheck = 1610;
				LastUpgradeCheck = 1610;
				TargetAttributes = {
					5E705B2E2CEDFE260057F3AB = {
						CreatedOnToolsVersion = 16.1;
					};
				};
			};
			buildConfigurationList = 5E705B2A2CEDFE260057F3AB /* Build configuration list for PBXProject "Pricedive" */;
			developmentRegion = en;
			hasScannedForEncodings = 0;
			knownRegions = (
				en,
				Base,
			);
			mainGroup = 5E705B262CEDFE260057F3AB;
			minimizedProjectReferenceProxies = 1;
			packageReferences = (
				5E705B472CEDFE620057F3AB /* XCRemoteSwiftPackageReference "Alamofire" */,
				5E705B4A2CEDFE720057F3AB /* XCRemoteSwiftPackageReference "Kingfisher" */,
				5E705B4D2CEDFE8C0057F3AB /* XCRemoteSwiftPackageReference "Moya" */,
				5E705B502CEDFE9E0057F3AB /* XCRemoteSwiftPackageReference "RxSwift" */,
				5E705B532CEDFEB20057F3AB /* XCRemoteSwiftPackageReference "SnapKit" */,
			);
			preferredProjectObjectVersion = 77;
			productRefGroup = 5E705B302CEDFE260057F3AB /* Products */;
			projectDirPath = "";
			projectRoot = "";
			targets = (
				5E705B2E2CEDFE260057F3AB /* Pricedive */,
			);
		};
/* End PBXProject section */

/* Begin PBXResourcesBuildPhase section */
		5E705B2D2CEDFE260057F3AB /* Resources */ = {
			isa = PBXResourcesBuildPhase;
			buildActionMask = 2147483647;
			files = (
			);
			runOnlyForDeploymentPostprocessing = 0;
		};
/* End PBXResourcesBuildPhase section */

/* Begin PBXShellScriptBuildPhase section */
		8C06E26F9BEA6FEBE74D37C1 /* [CP] Check Pods Manifest.lock */ = {
			isa = PBXShellScriptBuildPhase;
			buildActionMask = 2147483647;
			files = (
			);
			inputFileListPaths = (
			);
			inputPaths = (
				"${PODS_PODFILE_DIR_PATH}/Podfile.lock",
				"${PODS_ROOT}/Manifest.lock",
			);
			name = "[CP] Check Pods Manifest.lock";
			outputFileListPaths = (
			);
			outputPaths = (
				"$(DERIVED_FILE_DIR)/Pods-Pricedive-checkManifestLockResult.txt",
			);
			runOnlyForDeploymentPostprocessing = 0;
			shellPath = /bin/sh;
			shellScript = "diff \"${PODS_PODFILE_DIR_PATH}/Podfile.lock\" \"${PODS_ROOT}/Manifest.lock\" > /dev/null\nif [ $? != 0 ] ; then\n    # print error to STDERR\n    echo \"error: The sandbox is not in sync with the Podfile.lock. Run 'pod install' or update your CocoaPods installation.\" >&2\n    exit 1\nfi\n# This output is used by Xcode 'outputs' to avoid re-running this script phase.\necho \"SUCCESS\" > \"${SCRIPT_OUTPUT_FILE_0}\"\n";
			showEnvVarsInLog = 0;
		};
		DCE3A2A4FE6582B1C8697E4F /* [CP] Embed Pods Frameworks */ = {
			isa = PBXShellScriptBuildPhase;
			buildActionMask = 2147483647;
			files = (
			);
			inputFileListPaths = (
				"${PODS_ROOT}/Target Support Files/Pods-Pricedive/Pods-Pricedive-frameworks-${CONFIGURATION}-input-files.xcfilelist",
			);
			inputPaths = (
			);
			name = "[CP] Embed Pods Frameworks";
			outputFileListPaths = (
				"${PODS_ROOT}/Target Support Files/Pods-Pricedive/Pods-Pricedive-frameworks-${CONFIGURATION}-output-files.xcfilelist",
			);
			outputPaths = (
			);
			runOnlyForDeploymentPostprocessing = 0;
			shellPath = /bin/sh;
			shellScript = "\"${PODS_ROOT}/Target Support Files/Pods-Pricedive/Pods-Pricedive-frameworks.sh\"\n";
			showEnvVarsInLog = 0;
		};
/* End PBXShellScriptBuildPhase section */

/* Begin PBXSourcesBuildPhase section */
		5E705B2B2CEDFE260057F3AB /* Sources */ = {
			isa = PBXSourcesBuildPhase;
			buildActionMask = 2147483647;
			files = (
			);
			runOnlyForDeploymentPostprocessing = 0;
		};
/* End PBXSourcesBuildPhase section */

/* Begin XCBuildConfiguration section */
		5E705B432CEDFE280057F3AB /* Debug */ = {
			isa = XCBuildConfiguration;
			baseConfigurationReference = 7816B31C1B818838F1A38744 /* Pods-Pricedive.debug.xcconfig */;
			buildSettings = {
				ASSETCATALOG_COMPILER_APPICON_NAME = AppIcon;
				ASSETCATALOG_COMPILER_GLOBAL_ACCENT_COLOR_NAME = AccentColor;
				CODE_SIGN_IDENTITY = "Apple Development";
				CODE_SIGN_STYLE = Automatic;
				CURRENT_PROJECT_VERSION = 1;
				DEVELOPMENT_TEAM = QC8QR8UH59;
				ENABLE_USER_SCRIPT_SANDBOXING = NO;
				GENERATE_INFOPLIST_FILE = YES;
				INFOPLIST_FILE = Pricedive/Info.plist;
				INFOPLIST_KEY_CFBundleDisplayName = Pricedive;
				INFOPLIST_KEY_UIApplicationSupportsIndirectInputEvents = YES;
				INFOPLIST_KEY_UILaunchStoryboardName = LaunchScreen;
				INFOPLIST_KEY_UISupportedInterfaceOrientations = UIInterfaceOrientationPortrait;
				INFOPLIST_KEY_UISupportedInterfaceOrientations_iPad = "UIInterfaceOrientationLandscapeLeft UIInterfaceOrientationLandscapeRight UIInterfaceOrientationPortrait UIInterfaceOrientationPortraitUpsideDown";
				IPHONEOS_DEPLOYMENT_TARGET = 15.0;
				LD_RUNPATH_SEARCH_PATHS = (
					"$(inherited)",
					"@executable_path/Frameworks",
				);
				MARKETING_VERSION = 1.0;
				PRODUCT_BUNDLE_IDENTIFIER = com.hoyeonShin.Pricedive;
				PRODUCT_NAME = "$(TARGET_NAME)";
				PROVISIONING_PROFILE_SPECIFIER = "";
				SUPPORTED_PLATFORMS = "iphoneos iphonesimulator";
				SUPPORTS_MACCATALYST = NO;
				SUPPORTS_MAC_DESIGNED_FOR_IPHONE_IPAD = NO;
				SUPPORTS_XR_DESIGNED_FOR_IPHONE_IPAD = NO;
				SWIFT_EMIT_LOC_STRINGS = YES;
				SWIFT_VERSION = 5.0;
				TARGETED_DEVICE_FAMILY = 1;
			};
			name = Debug;
		};
		5E705B442CEDFE280057F3AB /* Release */ = {
			isa = XCBuildConfiguration;
			baseConfigurationReference = F012300492EA23CA48F7C1F5 /* Pods-Pricedive.release.xcconfig */;
			buildSettings = {
				ASSETCATALOG_COMPILER_APPICON_NAME = AppIcon;
				ASSETCATALOG_COMPILER_GLOBAL_ACCENT_COLOR_NAME = AccentColor;
				CODE_SIGN_IDENTITY = "Apple Development";
				CODE_SIGN_STYLE = Automatic;
				CURRENT_PROJECT_VERSION = 1;
				DEVELOPMENT_TEAM = QC8QR8UH59;
				ENABLE_USER_SCRIPT_SANDBOXING = NO;
				GENERATE_INFOPLIST_FILE = YES;
				INFOPLIST_FILE = Pricedive/Info.plist;
				INFOPLIST_KEY_CFBundleDisplayName = Pricedive;
				INFOPLIST_KEY_UIApplicationSupportsIndirectInputEvents = YES;
				INFOPLIST_KEY_UILaunchStoryboardName = LaunchScreen;
				INFOPLIST_KEY_UISupportedInterfaceOrientations = UIInterfaceOrientationPortrait;
				INFOPLIST_KEY_UISupportedInterfaceOrientations_iPad = "UIInterfaceOrientationLandscapeLeft UIInterfaceOrientationLandscapeRight UIInterfaceOrientationPortrait UIInterfaceOrientationPortraitUpsideDown";
				IPHONEOS_DEPLOYMENT_TARGET = 15.0;
				LD_RUNPATH_SEARCH_PATHS = (
					"$(inherited)",
					"@executable_path/Frameworks",
				);
				MARKETING_VERSION = 1.0;
				PRODUCT_BUNDLE_IDENTIFIER = com.hoyeonShin.Pricedive;
				PRODUCT_NAME = "$(TARGET_NAME)";
				PROVISIONING_PROFILE_SPECIFIER = "";
				SUPPORTED_PLATFORMS = "iphoneos iphonesimulator";
				SUPPORTS_MACCATALYST = NO;
				SUPPORTS_MAC_DESIGNED_FOR_IPHONE_IPAD = NO;
				SUPPORTS_XR_DESIGNED_FOR_IPHONE_IPAD = NO;
				SWIFT_EMIT_LOC_STRINGS = YES;
				SWIFT_VERSION = 5.0;
				TARGETED_DEVICE_FAMILY = 1;
			};
			name = Release;
		};
		5E705B452CEDFE280057F3AB /* Debug */ = {
			isa = XCBuildConfiguration;
			buildSettings = {
				ALWAYS_SEARCH_USER_PATHS = NO;
				ASSETCATALOG_COMPILER_GENERATE_SWIFT_ASSET_SYMBOL_EXTENSIONS = YES;
				CLANG_ANALYZER_NONNULL = YES;
				CLANG_ANALYZER_NUMBER_OBJECT_CONVERSION = YES_AGGRESSIVE;
				CLANG_CXX_LANGUAGE_STANDARD = "gnu++20";
				CLANG_ENABLE_MODULES = YES;
				CLANG_ENABLE_OBJC_ARC = YES;
				CLANG_ENABLE_OBJC_WEAK = YES;
				CLANG_WARN_BLOCK_CAPTURE_AUTORELEASING = YES;
				CLANG_WARN_BOOL_CONVERSION = YES;
				CLANG_WARN_COMMA = YES;
				CLANG_WARN_CONSTANT_CONVERSION = YES;
				CLANG_WARN_DEPRECATED_OBJC_IMPLEMENTATIONS = YES;
				CLANG_WARN_DIRECT_OBJC_ISA_USAGE = YES_ERROR;
				CLANG_WARN_DOCUMENTATION_COMMENTS = YES;
				CLANG_WARN_EMPTY_BODY = YES;
				CLANG_WARN_ENUM_CONVERSION = YES;
				CLANG_WARN_INFINITE_RECURSION = YES;
				CLANG_WARN_INT_CONVERSION = YES;
				CLANG_WARN_NON_LITERAL_NULL_CONVERSION = YES;
				CLANG_WARN_OBJC_IMPLICIT_RETAIN_SELF = YES;
				CLANG_WARN_OBJC_LITERAL_CONVERSION = YES;
				CLANG_WARN_OBJC_ROOT_CLASS = YES_ERROR;
				CLANG_WARN_QUOTED_INCLUDE_IN_FRAMEWORK_HEADER = YES;
				CLANG_WARN_RANGE_LOOP_ANALYSIS = YES;
				CLANG_WARN_STRICT_PROTOTYPES = YES;
				CLANG_WARN_SUSPICIOUS_MOVE = YES;
				CLANG_WARN_UNGUARDED_AVAILABILITY = YES_AGGRESSIVE;
				CLANG_WARN_UNREACHABLE_CODE = YES;
				CLANG_WARN__DUPLICATE_METHOD_MATCH = YES;
				COPY_PHASE_STRIP = NO;
				DEBUG_INFORMATION_FORMAT = dwarf;
				ENABLE_STRICT_OBJC_MSGSEND = YES;
				ENABLE_TESTABILITY = YES;
				ENABLE_USER_SCRIPT_SANDBOXING = YES;
				GCC_C_LANGUAGE_STANDARD = gnu17;
				GCC_DYNAMIC_NO_PIC = NO;
				GCC_NO_COMMON_BLOCKS = YES;
				GCC_OPTIMIZATION_LEVEL = 0;
				GCC_PREPROCESSOR_DEFINITIONS = (
					"DEBUG=1",
					"$(inherited)",
				);
				GCC_WARN_64_TO_32_BIT_CONVERSION = YES;
				GCC_WARN_ABOUT_RETURN_TYPE = YES_ERROR;
				GCC_WARN_UNDECLARED_SELECTOR = YES;
				GCC_WARN_UNINITIALIZED_AUTOS = YES_AGGRESSIVE;
				GCC_WARN_UNUSED_FUNCTION = YES;
				GCC_WARN_UNUSED_VARIABLE = YES;
				IPHONEOS_DEPLOYMENT_TARGET = 18.1;
				LOCALIZATION_PREFERS_STRING_CATALOGS = YES;
				MTL_ENABLE_DEBUG_INFO = INCLUDE_SOURCE;
				MTL_FAST_MATH = YES;
				ONLY_ACTIVE_ARCH = YES;
				SDKROOT = iphoneos;
				SWIFT_ACTIVE_COMPILATION_CONDITIONS = "DEBUG $(inherited)";
				SWIFT_OPTIMIZATION_LEVEL = "-Onone";
			};
			name = Debug;
		};
		5E705B462CEDFE280057F3AB /* Release */ = {
			isa = XCBuildConfiguration;
			buildSettings = {
				ALWAYS_SEARCH_USER_PATHS = NO;
				ASSETCATALOG_COMPILER_GENERATE_SWIFT_ASSET_SYMBOL_EXTENSIONS = YES;
				CLANG_ANALYZER_NONNULL = YES;
				CLANG_ANALYZER_NUMBER_OBJECT_CONVERSION = YES_AGGRESSIVE;
				CLANG_CXX_LANGUAGE_STANDARD = "gnu++20";
				CLANG_ENABLE_MODULES = YES;
				CLANG_ENABLE_OBJC_ARC = YES;
				CLANG_ENABLE_OBJC_WEAK = YES;
				CLANG_WARN_BLOCK_CAPTURE_AUTORELEASING = YES;
				CLANG_WARN_BOOL_CONVERSION = YES;
				CLANG_WARN_COMMA = YES;
				CLANG_WARN_CONSTANT_CONVERSION = YES;
				CLANG_WARN_DEPRECATED_OBJC_IMPLEMENTATIONS = YES;
				CLANG_WARN_DIRECT_OBJC_ISA_USAGE = YES_ERROR;
				CLANG_WARN_DOCUMENTATION_COMMENTS = YES;
				CLANG_WARN_EMPTY_BODY = YES;
				CLANG_WARN_ENUM_CONVERSION = YES;
				CLANG_WARN_INFINITE_RECURSION = YES;
				CLANG_WARN_INT_CONVERSION = YES;
				CLANG_WARN_NON_LITERAL_NULL_CONVERSION = YES;
				CLANG_WARN_OBJC_IMPLICIT_RETAIN_SELF = YES;
				CLANG_WARN_OBJC_LITERAL_CONVERSION = YES;
				CLANG_WARN_OBJC_ROOT_CLASS = YES_ERROR;
				CLANG_WARN_QUOTED_INCLUDE_IN_FRAMEWORK_HEADER = YES;
				CLANG_WARN_RANGE_LOOP_ANALYSIS = YES;
				CLANG_WARN_STRICT_PROTOTYPES = YES;
				CLANG_WARN_SUSPICIOUS_MOVE = YES;
				CLANG_WARN_UNGUARDED_AVAILABILITY = YES_AGGRESSIVE;
				CLANG_WARN_UNREACHABLE_CODE = YES;
				CLANG_WARN__DUPLICATE_METHOD_MATCH = YES;
				COPY_PHASE_STRIP = NO;
				DEBUG_INFORMATION_FORMAT = "dwarf-with-dsym";
				ENABLE_NS_ASSERTIONS = NO;
				ENABLE_STRICT_OBJC_MSGSEND = YES;
				ENABLE_USER_SCRIPT_SANDBOXING = YES;
				GCC_C_LANGUAGE_STANDARD = gnu17;
				GCC_NO_COMMON_BLOCKS = YES;
				GCC_WARN_64_TO_32_BIT_CONVERSION = YES;
				GCC_WARN_ABOUT_RETURN_TYPE = YES_ERROR;
				GCC_WARN_UNDECLARED_SELECTOR = YES;
				GCC_WARN_UNINITIALIZED_AUTOS = YES_AGGRESSIVE;
				GCC_WARN_UNUSED_FUNCTION = YES;
				GCC_WARN_UNUSED_VARIABLE = YES;
				IPHONEOS_DEPLOYMENT_TARGET = 18.1;
				LOCALIZATION_PREFERS_STRING_CATALOGS = YES;
				MTL_ENABLE_DEBUG_INFO = NO;
				MTL_FAST_MATH = YES;
				SDKROOT = iphoneos;
				SWIFT_COMPILATION_MODE = wholemodule;
				VALIDATE_PRODUCT = YES;
			};
			name = Release;
		};
/* End XCBuildConfiguration section */

/* Begin XCConfigurationList section */
		5E705B2A2CEDFE260057F3AB /* Build configuration list for PBXProject "Pricedive" */ = {
			isa = XCConfigurationList;
			buildConfigurations = (
				5E705B452CEDFE280057F3AB /* Debug */,
				5E705B462CEDFE280057F3AB /* Release */,
			);
			defaultConfigurationIsVisible = 0;
			defaultConfigurationName = Release;
		};
		5E705B422CEDFE280057F3AB /* Build configuration list for PBXNativeTarget "Pricedive" */ = {
			isa = XCConfigurationList;
			buildConfigurations = (
				5E705B432CEDFE280057F3AB /* Debug */,
				5E705B442CEDFE280057F3AB /* Release */,
			);
			defaultConfigurationIsVisible = 0;
			defaultConfigurationName = Release;
		};
/* End XCConfigurationList section */

/* Begin XCRemoteSwiftPackageReference section */
		5E705B472CEDFE620057F3AB /* XCRemoteSwiftPackageReference "Alamofire" */ = {
			isa = XCRemoteSwiftPackageReference;
			repositoryURL = "https://github.com/Alamofire/Alamofire.git";
			requirement = {
				kind = upToNextMajorVersion;
				minimumVersion = 5.10.1;
			};
		};
		5E705B4A2CEDFE720057F3AB /* XCRemoteSwiftPackageReference "Kingfisher" */ = {
			isa = XCRemoteSwiftPackageReference;
			repositoryURL = "https://github.com/onevcat/Kingfisher.git";
			requirement = {
				kind = upToNextMajorVersion;
				minimumVersion = 8.1.1;
			};
		};
		5E705B4D2CEDFE8C0057F3AB /* XCRemoteSwiftPackageReference "Moya" */ = {
			isa = XCRemoteSwiftPackageReference;
			repositoryURL = "https://github.com/Moya/Moya.git";
			requirement = {
				kind = upToNextMajorVersion;
				minimumVersion = 15.0.3;
			};
		};
		5E705B502CEDFE9E0057F3AB /* XCRemoteSwiftPackageReference "RxSwift" */ = {
			isa = XCRemoteSwiftPackageReference;
			repositoryURL = "https://github.com/ReactiveX/RxSwift.git";
			requirement = {
				kind = upToNextMajorVersion;
				minimumVersion = 6.8.0;
			};
		};
		5E705B532CEDFEB20057F3AB /* XCRemoteSwiftPackageReference "SnapKit" */ = {
			isa = XCRemoteSwiftPackageReference;
			repositoryURL = "https://github.com/SnapKit/SnapKit";
			requirement = {
				kind = upToNextMajorVersion;
				minimumVersion = 5.7.1;
			};
		};
/* End XCRemoteSwiftPackageReference section */

/* Begin XCSwiftPackageProductDependency section */
		5E3EDF8A2CEE04FF0003820A /* Moya */ = {
			isa = XCSwiftPackageProductDependency;
			package = 5E705B4D2CEDFE8C0057F3AB /* XCRemoteSwiftPackageReference "Moya" */;
			productName = Moya;
		};
		5E705B482CEDFE620057F3AB /* Alamofire */ = {
			isa = XCSwiftPackageProductDependency;
			package = 5E705B472CEDFE620057F3AB /* XCRemoteSwiftPackageReference "Alamofire" */;
			productName = Alamofire;
		};
		5E705B4B2CEDFE720057F3AB /* Kingfisher */ = {
			isa = XCSwiftPackageProductDependency;
			package = 5E705B4A2CEDFE720057F3AB /* XCRemoteSwiftPackageReference "Kingfisher" */;
			productName = Kingfisher;
		};
		5E705B4E2CEDFE8C0057F3AB /* RxMoya */ = {
			isa = XCSwiftPackageProductDependency;
			package = 5E705B4D2CEDFE8C0057F3AB /* XCRemoteSwiftPackageReference "Moya" */;
			productName = RxMoya;
		};
		5E705B512CEDFE9E0057F3AB /* RxCocoa */ = {
			isa = XCSwiftPackageProductDependency;
			package = 5E705B502CEDFE9E0057F3AB /* XCRemoteSwiftPackageReference "RxSwift" */;
			productName = RxCocoa;
		};
		5E705B542CEDFEB20057F3AB /* SnapKit */ = {
			isa = XCSwiftPackageProductDependency;
			package = 5E705B532CEDFEB20057F3AB /* XCRemoteSwiftPackageReference "SnapKit" */;
			productName = SnapKit;
		};
/* End XCSwiftPackageProductDependency section */
	};
	rootObject = 5E705B272CEDFE260057F3AB /* Project object */;
}
